
Microsoft Visual Studio Solution File, Format Version 12.00
# Visual Studio 15
VisualStudioVersion = 15.0.26730.16
MinimumVisualStudioVersion = 10.0.40219.1
Project("{888888A0-9F3D-457C-B088-3A5042F75D52}") = "BroadcastTemp fra pi", "BroadcastTemp fra pi\BroadcastTemp fra pi.pyproj", "{06095692-B398-4153-8D6B-E2C1391D6D57}"
EndProject
Global
	GlobalSection(SolutionConfigurationPlatforms) = preSolution
		Debug|Any CPU = Debug|Any CPU
		Release|Any CPU = Release|Any CPU
	EndGlobalSection
	GlobalSection(ProjectConfigurationPlatforms) = postSolution
		{06095692-B398-4153-8D6B-E2C1391D6D57}.Debug|Any CPU.ActiveCfg = Debug|Any CPU
		{06095692-B398-4153-8D6B-E2C1391D6D57}.Release|Any CPU.ActiveCfg = Release|Any CPU
	EndGlobalSection
	GlobalSection(SolutionProperties) = preSolution
		HideSolutionNode = FALSE
	EndGlobalSection
	GlobalSection(ExtensibilityGlobals) = postSolution
		SolutionGuid = {0D279ACD-D03B-4F90-AA10-805512F953F6}
	EndGlobalSection
EndGlobal
